
Microsoft Visual Studio Solution File, Format Version 12.00
# Visual Studio Version 17
VisualStudioVersion = 17.14.36429.23
MinimumVisualStudioVersion = 10.0.40219.1
Project("{9A19103F-16F7-4668-BE54-9A1E7A4F7556}") = "Rethink.Services.Common", "Rethink.Services.Common\Rethink.Services.Common.csproj", "{35DF4E08-7945-48D3-8BB0-9F9BCBEA2CB3}"
EndProject
Project("{2150E333-8FDC-42A3-9474-1A3956D46DE8}") = "BillingService", "BillingService", "{F33E0DA2-33C8-4DAB-AB83-914877AFBD4B}"
EndProject
Project("{9A19103F-16F7-4668-BE54-9A1E7A4F7556}") = "BillingService.Domain", "BillingService\BillingService.Domain\BillingService.Domain.csproj", "{5405CB9E-96EA-4945-8D8B-A960EC7A3D15}"
EndProject
Project("{9A19103F-16F7-4668-BE54-9A1E7A4F7556}") = "BillingService.Web", "BillingService\BillingService.Web\BillingService.Web.csproj", "{095D3967-5A32-4118-88C4-4F1B3C3B7C46}"
EndProject
Project("{9A19103F-16F7-4668-BE54-9A1E7A4F7556}") = "Rethink.Services.Domain", "Rethink.Services.Domain\Rethink.Services.Domain.csproj", "{17246FC0-3280-4A00-B06E-D8E95F96D527}"
EndProject
Project("{9A19103F-16F7-4668-BE54-9A1E7A4F7556}") = "ClientService.Web", "BillingService\ClientService.Web\ClientService.Web.csproj", "{BD89A61C-D77F-42B9-87DA-B09B2A082B9F}"
EndProject
Project("{2150E333-8FDC-42A3-9474-1A3956D46DE8}") = "MasterService", "MasterService", "{EF30E0A7-EC0D-49A9-B3DF-72DA4CA1B80C}"
EndProject
Project("{2150E333-8FDC-42A3-9474-1A3956D46DE8}") = "AzureFunctions", "AzureFunctions", "{DB5F87AD-24A8-4094-93A8-FE89C945D24E}"
EndProject
Project("{9A19103F-16F7-4668-BE54-9A1E7A4F7556}") = "EdiFabric.Templates", "EdiFabric\EdiFabric.Templates\EdiFabric.Templates.csproj", "{3AE076C7-7897-4897-A8C2-EAA18F5842A8}"
EndProject
Project("{2150E333-8FDC-42A3-9474-1A3956D46DE8}") = "ClearingHouseService", "ClearingHouseService", "{C094CB36-4254-45CB-A34D-A88B1B66C5A1}"
EndProject
Project("{9A19103F-16F7-4668-BE54-9A1E7A4F7556}") = "ClearingHouseService.Web", "ClearingHouseService\ClearingHouseService.Web\ClearingHouseService.Web.csproj", "{678F7669-00F5-4865-BD8A-503B26C78ED1}"
EndProject
Project("{9A19103F-16F7-4668-BE54-9A1E7A4F7556}") = "EraParserService.Domain", "ClearingHouseService\EraParserService.Domain\EraParserService.Domain.csproj", "{C48E041E-DF51-40ED-8CC0-2E1EB07EF111}"
EndProject
Project("{9A19103F-16F7-4668-BE54-9A1E7A4F7556}") = "AutoClaimCreation.Func", "AutoClaimCreation.Func\AutoClaimCreation.Func.csproj", "{CDF55092-F4E3-4365-BF8D-E2E6EC093C70}"
EndProject
Project("{9A19103F-16F7-4668-BE54-9A1E7A4F7556}") = "ProcessClaimCreation.Func", "ProcessClaimCreation.Func\ProcessClaimCreation.Func.csproj", "{C844BCF6-BA5A-4512-B3D0-4FA78228D3A6}"
EndProject
Project("{9A19103F-16F7-4668-BE54-9A1E7A4F7556}") = "ClaimSubmission.Func", "ClaimSubmission.Func\ClaimSubmission.Func.csproj", "{45D95136-AC3B-4871-8DC3-74C303E16DE7}"
EndProject
Project("{9A19103F-16F7-4668-BE54-9A1E7A4F7556}") = "ProcessClaimResponse.Func", "ProcessClaimResponse.Func\ProcessClaimResponse.Func.csproj", "{C1EAAD79-8EE3-4BF3-9CCA-7BEBC6633C90}"
EndProject
Project("{2150E333-8FDC-42A3-9474-1A3956D46DE8}") = "Middleware", "Middleware", "{973476D6-0502-4263-9E6F-F52EFE3790DC}"
EndProject
Project("{9A19103F-16F7-4668-BE54-9A1E7A4F7556}") = "Authentication", "Authentication\Authentication.csproj", "{95B85AAA-BAEC-4693-96BC-3089EC50A08F}"
EndProject
Project("{2150E333-8FDC-42A3-9474-1A3956D46DE8}") = "LoginService", "LoginService", "{DC836F1A-5117-4E82-83DF-8C5E29377620}"
EndProject
Project("{9A19103F-16F7-4668-BE54-9A1E7A4F7556}") = "LoginService.Web", "LoginService.Web\LoginService.Web.csproj", "{37756088-25ED-4FF1-8010-B72131426EF2}"
EndProject
Project("{2150E333-8FDC-42A3-9474-1A3956D46DE8}") = "AppServices", "AppServices", "{4B092736-AF93-4A91-9FC2-69055745112D}"
EndProject
Project("{2150E333-8FDC-42A3-9474-1A3956D46DE8}") = "Libraries", "Libraries", "{37DF6346-81E4-46E8-B694-8EF2CB908F9E}"
EndProject
Project("{2150E333-8FDC-42A3-9474-1A3956D46DE8}") = "Domain", "Domain", "{0707A282-0559-4329-8F21-0C3E967367F4}"
EndProject
Project("{2150E333-8FDC-42A3-9474-1A3956D46DE8}") = "Test", "Test", "{244F745B-3D0D-468A-81E6-C7C8338BF829}"
EndProject
Project("{2150E333-8FDC-42A3-9474-1A3956D46DE8}") = "BillingServiceTests", "BillingServiceTests", "{21C4B396-821D-47C6-85B8-D3C59A6280F6}"
EndProject
Project("{9A19103F-16F7-4668-BE54-9A1E7A4F7556}") = "BillingService.Test", "Test\BillingServiceTests\BillingService.Test\BillingService.Test.csproj", "{28E856E4-654D-4F09-BB04-932857DD8254}"
EndProject
Project("{9A19103F-16F7-4668-BE54-9A1E7A4F7556}") = "BillingService.XUnit.Tests", "Test\BillingServiceTests\BillingService.XUnit.Tests\BillingService.XUnit.Tests\BillingService.XUnit.Tests.csproj", "{07C9B35F-D07B-4810-A81E-92AF21644287}"
EndProject
Project("{9A19103F-16F7-4668-BE54-9A1E7A4F7556}") = "BillingService.XUnit.Tests.Common", "Test\BillingServiceTests\BillingService.XUnit.Tests.Common\BillingService.XUnit.Tests.Common\BillingService.XUnit.Tests.Common.csproj", "{04EDAFBD-0A95-4844-877D-B00AE88BA63C}"
EndProject
Project("{9A19103F-16F7-4668-BE54-9A1E7A4F7556}") = "ProcessEraPaymentResponse.Func", "ProcessEraPaymentResponse.Func\ProcessEraPaymentResponse.Func.csproj", "{A70A4AC3-99E2-4EBF-BA4A-200960ED6BBB}"
EndProject
Project("{2150E333-8FDC-42A3-9474-1A3956D46DE8}") = "SummationService", "SummationService", "{90D2B30D-D670-4C47-B958-F6F793BEE3F2}"
EndProject
Project("{9A19103F-16F7-4668-BE54-9A1E7A4F7556}") = "SummationService.Web", "SummationService.Web\SummationService.Web.csproj", "{02D81A95-BBDF-4872-B497-947AA07A3986}"
EndProject
Project("{9A19103F-16F7-4668-BE54-9A1E7A4F7556}") = "SummationService.Domain", "SummationService.Domain\SummationService.Domain.csproj", "{E7845708-AD48-4ECD-8C6F-F00BD709B4CB}"
EndProject
Project("{9A19103F-16F7-4668-BE54-9A1E7A4F7556}") = "Summation.Func", "Summation.Func\Summation.Func.csproj", "{D56E9F05-7B11-47F4-8CED-9153410B681F}"
EndProject
Project("{9A19103F-16F7-4668-BE54-9A1E7A4F7556}") = "Reporting.Func", "Reporting.Func\Reporting.Func.csproj", "{6737E206-8EE0-4DC4-ACB6-8653C3DDC6C8}"
EndProject
Project("{2150E333-8FDC-42A3-9474-1A3956D46DE8}") = "ReportingService", "ReportingService", "{A69576D2-AF8E-40B3-9271-AD833F1B9EE1}"
EndProject
Project("{9A19103F-16F7-4668-BE54-9A1E7A4F7556}") = "ReportingService.Web", "ReportingService.Web\ReportingService.Web.csproj", "{898AC500-A8D6-414C-AAFA-0EDC0FEEA68E}"
EndProject
Project("{9A19103F-16F7-4668-BE54-9A1E7A4F7556}") = "BillingService.Web.XUnit.Tests", "Test\BillingServiceTests\BillingService.Web.XUnit.Tests\BillingService.Web.XUnit.Tests.csproj", "{D48EAE30-DF05-4F89-B412-21F46096737C}"
EndProject
Project("{9A19103F-16F7-4668-BE54-9A1E7A4F7556}") = "BillingService.XUnit.Integration.Tests", "Test\BillingServiceTests\BillingService.XUnit.Integration.Tests\BillingService.XUnit.Integration.Tests.csproj", "{489733B7-55BA-E48A-F919-6929BC4DAB98}"
EndProject
Project("{FAE04EC0-301F-11D3-BF4B-00C04F79EFBC}") = "Billing.FolderStructure.Core", "BillingService\Rethink.Billing.FolderStructure.Core\Billing.FolderStructure.Core.csproj", "{37C383C5-937E-4719-8481-AB1FD220795E}"
EndProject
Project("{FAE04EC0-301F-11D3-BF4B-00C04F79EFBC}") = "Billing.FolderStructure.Core.XUnit.Tests", "Test\BillingServiceTests\Billing.FolderStructure.Core.XUnit.Tests\Billing.FolderStructure.Core.XUnit.Tests.csproj", "{CDA55DC0-8EBF-9F8E-AD38-19282E327949}"
EndProject
Project("{FAE04EC0-301F-11D3-BF4B-00C04F79EFBC}") = "ReportingService.Web.XUnit.Tests", "Test\BillingServiceTests\ReportingService.Web.XUnit.Tests\ReportingService.Web.XUnit.Tests.csproj", "{71D01A16-9247-41F3-8EB3-042A3F165987}"
EndProject
Project("{FAE04EC0-301F-11D3-BF4B-00C04F79EFBC}") = "ProcessAsyncClaimSubmission.Func", "ProcessAsyncClaimSubmission.Func\ProcessAsyncClaimSubmission.Func.csproj", "{7EDFFBB9-5ED2-4D8E-975F-9E3FF1335DAC}"
EndProject
Project("{FAE04EC0-301F-11D3-BF4B-00C04F79EFBC}") = "ProcessEligibilityRequest.Func", "ProcessEligibilityRequest.Func\ProcessEligibilityRequest.Func.csproj", "{81F63346-4892-45D3-805F-7897D13879F4}"
EndProject
Project("{2150E333-8FDC-42A3-9474-1A3956D46DE8}") = "ClearingHouseTests", "ClearingHouseTests", "{02EA681E-C7D8-13C7-8484-4AC65E1B71E8}"
EndProject
Project("{FAE04EC0-301F-11D3-BF4B-00C04F79EFBC}") = "ClearingHouse", "TestProject1\ClearingHouse.csproj", "{BAF8DB96-08A1-4F2E-9059-F144A281BA5C}"
EndProject
Project("{2150E333-8FDC-42A3-9474-1A3956D46DE8}") = "Middlewares", "Middlewares", "{73B40ACB-FDB9-4DE6-A1DC-01F279EF7844}"
EndProject
Project("{FAE04EC0-301F-11D3-BF4B-00C04F79EFBC}") = "Authentication.XUnit.Tests", "Authentication.XUnit.Tests\Authentication.XUnit.Tests.csproj", "{D0561B36-9625-4A65-AF90-F9D0D9A4D8F1}"
EndProject
Project("{2150E333-8FDC-42A3-9474-1A3956D46DE8}") = "SummationServiceTests", "SummationServiceTests", "{348F8457-FF18-4E4F-B0B4-FF95FAEE6FEE}"
EndProject
Project("{FAE04EC0-301F-11D3-BF4B-00C04F79EFBC}") = "SummationService.Web.XUnit.Tests", "SummationService.Web.XUnit.Tests\SummationService.Web.XUnit.Tests.csproj", "{A7194A16-46A8-4250-90FE-4F0E37E8A0D1}"
EndProject
Project("{2150E333-8FDC-42A3-9474-1A3956D46DE8}") = "LoginServiceTests", "LoginServiceTests", "{DF86D2E8-2CD1-46F1-913E-551900362AF9}"
EndProject
Project("{FAE04EC0-301F-11D3-BF4B-00C04F79EFBC}") = "LoginService.Service.Tests", "LoginService.Service.Tests\LoginService.Service.Tests.csproj", "{31C656CF-8377-4ED8-B274-ADF91A33D7EB}"
EndProject
Project("{FAE04EC0-301F-11D3-BF4B-00C04F79EFBC}") = "ScheduledJobs.Func", "ScheduledJobs.Func\ScheduledJobs.Func.csproj", "{F2899A23-802E-41A0-8EAF-60D61FD67E6B}"
EndProject
Project("{2150E333-8FDC-42A3-9474-1A3956D46DE8}") = "ClearingHouseService", "ClearingHouseService", "{8EDEF569-AC65-9F9C-EC57-8AE3E8322AE4}"
EndProject
Project("{FAE04EC0-301F-11D3-BF4B-00C04F79EFBC}") = "ClearingHouseService.Domain", "ClearingHouseService\ClearingHouseService.Domain\ClearingHouseService.Domain.csproj", "{D8A77892-4FE9-492D-97A3-4B503C4E73C6}"
EndProject
Project("{FAE04EC0-301F-11D3-BF4B-00C04F79EFBC}") = "ClearingHouseService.Infrastructure", "ClearingHouseService\ClearingHouseService.Infrastructure\ClearingHouseService.Infrastructure.csproj", "{76E27719-B827-4444-B37E-C05501684961}"
EndProject
Project("{FAE04EC0-301F-11D3-BF4B-00C04F79EFBC}") = "ClearingHouseService.Application", "ClearingHouseService\ClearingHouseService.Application\ClearingHouseService.Application.csproj", "{AB10055D-AE56-43B1-A5A8-25100E94EFCF}"
EndProject
Global
	GlobalSection(SolutionConfigurationPlatforms) = preSolution
		Debug|Any CPU = Debug|Any CPU
		Debug|x64 = Debug|x64
		Debug|x86 = Debug|x86
		Release|Any CPU = Release|Any CPU
		Release|x64 = Release|x64
		Release|x86 = Release|x86
	EndGlobalSection
	GlobalSection(ProjectConfigurationPlatforms) = postSolution
		{35DF4E08-7945-48D3-8BB0-9F9BCBEA2CB3}.Debug|Any CPU.ActiveCfg = Debug|Any CPU
		{35DF4E08-7945-48D3-8BB0-9F9BCBEA2CB3}.Debug|Any CPU.Build.0 = Debug|Any CPU
		{35DF4E08-7945-48D3-8BB0-9F9BCBEA2CB3}.Debug|x64.ActiveCfg = Debug|Any CPU
		{35DF4E08-7945-48D3-8BB0-9F9BCBEA2CB3}.Debug|x64.Build.0 = Debug|Any CPU
		{35DF4E08-7945-48D3-8BB0-9F9BCBEA2CB3}.Debug|x86.ActiveCfg = Debug|Any CPU
		{35DF4E08-7945-48D3-8BB0-9F9BCBEA2CB3}.Debug|x86.Build.0 = Debug|Any CPU
		{35DF4E08-7945-48D3-8BB0-9F9BCBEA2CB3}.Release|Any CPU.ActiveCfg = Release|Any CPU
		{35DF4E08-7945-48D3-8BB0-9F9BCBEA2CB3}.Release|Any CPU.Build.0 = Release|Any CPU
		{35DF4E08-7945-48D3-8BB0-9F9BCBEA2CB3}.Release|x64.ActiveCfg = Release|Any CPU
		{35DF4E08-7945-48D3-8BB0-9F9BCBEA2CB3}.Release|x64.Build.0 = Release|Any CPU
		{35DF4E08-7945-48D3-8BB0-9F9BCBEA2CB3}.Release|x86.ActiveCfg = Release|Any CPU
		{35DF4E08-7945-48D3-8BB0-9F9BCBEA2CB3}.Release|x86.Build.0 = Release|Any CPU
		{5405CB9E-96EA-4945-8D8B-A960EC7A3D15}.Debug|Any CPU.ActiveCfg = Debug|Any CPU
		{5405CB9E-96EA-4945-8D8B-A960EC7A3D15}.Debug|Any CPU.Build.0 = Debug|Any CPU
		{5405CB9E-96EA-4945-8D8B-A960EC7A3D15}.Debug|x64.ActiveCfg = Debug|Any CPU
		{5405CB9E-96EA-4945-8D8B-A960EC7A3D15}.Debug|x64.Build.0 = Debug|Any CPU
		{5405CB9E-96EA-4945-8D8B-A960EC7A3D15}.Debug|x86.ActiveCfg = Debug|Any CPU
		{5405CB9E-96EA-4945-8D8B-A960EC7A3D15}.Debug|x86.Build.0 = Debug|Any CPU
		{5405CB9E-96EA-4945-8D8B-A960EC7A3D15}.Release|Any CPU.ActiveCfg = Release|Any CPU
		{5405CB9E-96EA-4945-8D8B-A960EC7A3D15}.Release|Any CPU.Build.0 = Release|Any CPU
		{5405CB9E-96EA-4945-8D8B-A960EC7A3D15}.Release|x64.ActiveCfg = Release|Any CPU
		{5405CB9E-96EA-4945-8D8B-A960EC7A3D15}.Release|x64.Build.0 = Release|Any CPU
		{5405CB9E-96EA-4945-8D8B-A960EC7A3D15}.Release|x86.ActiveCfg = Release|Any CPU
		{5405CB9E-96EA-4945-8D8B-A960EC7A3D15}.Release|x86.Build.0 = Release|Any CPU
		{095D3967-5A32-4118-88C4-4F1B3C3B7C46}.Debug|Any CPU.ActiveCfg = Debug|Any CPU
		{095D3967-5A32-4118-88C4-4F1B3C3B7C46}.Debug|Any CPU.Build.0 = Debug|Any CPU
		{095D3967-5A32-4118-88C4-4F1B3C3B7C46}.Debug|x64.ActiveCfg = Debug|Any CPU
		{095D3967-5A32-4118-88C4-4F1B3C3B7C46}.Debug|x64.Build.0 = Debug|Any CPU
		{095D3967-5A32-4118-88C4-4F1B3C3B7C46}.Debug|x86.ActiveCfg = Debug|Any CPU
		{095D3967-5A32-4118-88C4-4F1B3C3B7C46}.Debug|x86.Build.0 = Debug|Any CPU
		{095D3967-5A32-4118-88C4-4F1B3C3B7C46}.Release|Any CPU.ActiveCfg = Release|Any CPU
		{095D3967-5A32-4118-88C4-4F1B3C3B7C46}.Release|Any CPU.Build.0 = Release|Any CPU
		{095D3967-5A32-4118-88C4-4F1B3C3B7C46}.Release|x64.ActiveCfg = Release|Any CPU
		{095D3967-5A32-4118-88C4-4F1B3C3B7C46}.Release|x64.Build.0 = Release|Any CPU
		{095D3967-5A32-4118-88C4-4F1B3C3B7C46}.Release|x86.ActiveCfg = Release|Any CPU
		{095D3967-5A32-4118-88C4-4F1B3C3B7C46}.Release|x86.Build.0 = Release|Any CPU
		{17246FC0-3280-4A00-B06E-D8E95F96D527}.Debug|Any CPU.ActiveCfg = Debug|Any CPU
		{17246FC0-3280-4A00-B06E-D8E95F96D527}.Debug|Any CPU.Build.0 = Debug|Any CPU
		{17246FC0-3280-4A00-B06E-D8E95F96D527}.Debug|x64.ActiveCfg = Debug|Any CPU
		{17246FC0-3280-4A00-B06E-D8E95F96D527}.Debug|x64.Build.0 = Debug|Any CPU
		{17246FC0-3280-4A00-B06E-D8E95F96D527}.Debug|x86.ActiveCfg = Debug|Any CPU
		{17246FC0-3280-4A00-B06E-D8E95F96D527}.Debug|x86.Build.0 = Debug|Any CPU
		{17246FC0-3280-4A00-B06E-D8E95F96D527}.Release|Any CPU.ActiveCfg = Release|Any CPU
		{17246FC0-3280-4A00-B06E-D8E95F96D527}.Release|Any CPU.Build.0 = Release|Any CPU
		{17246FC0-3280-4A00-B06E-D8E95F96D527}.Release|x64.ActiveCfg = Release|Any CPU
		{17246FC0-3280-4A00-B06E-D8E95F96D527}.Release|x64.Build.0 = Release|Any CPU
		{17246FC0-3280-4A00-B06E-D8E95F96D527}.Release|x86.ActiveCfg = Release|Any CPU
		{17246FC0-3280-4A00-B06E-D8E95F96D527}.Release|x86.Build.0 = Release|Any CPU
		{BD89A61C-D77F-42B9-87DA-B09B2A082B9F}.Debug|Any CPU.ActiveCfg = Debug|Any CPU
		{BD89A61C-D77F-42B9-87DA-B09B2A082B9F}.Debug|Any CPU.Build.0 = Debug|Any CPU
		{BD89A61C-D77F-42B9-87DA-B09B2A082B9F}.Debug|x64.ActiveCfg = Debug|Any CPU
		{BD89A61C-D77F-42B9-87DA-B09B2A082B9F}.Debug|x64.Build.0 = Debug|Any CPU
		{BD89A61C-D77F-42B9-87DA-B09B2A082B9F}.Debug|x86.ActiveCfg = Debug|Any CPU
		{BD89A61C-D77F-42B9-87DA-B09B2A082B9F}.Debug|x86.Build.0 = Debug|Any CPU
		{BD89A61C-D77F-42B9-87DA-B09B2A082B9F}.Release|Any CPU.ActiveCfg = Release|Any CPU
		{BD89A61C-D77F-42B9-87DA-B09B2A082B9F}.Release|Any CPU.Build.0 = Release|Any CPU
		{BD89A61C-D77F-42B9-87DA-B09B2A082B9F}.Release|x64.ActiveCfg = Release|Any CPU
		{BD89A61C-D77F-42B9-87DA-B09B2A082B9F}.Release|x64.Build.0 = Release|Any CPU
		{BD89A61C-D77F-42B9-87DA-B09B2A082B9F}.Release|x86.ActiveCfg = Release|Any CPU
		{BD89A61C-D77F-42B9-87DA-B09B2A082B9F}.Release|x86.Build.0 = Release|Any CPU
		{3AE076C7-7897-4897-A8C2-EAA18F5842A8}.Debug|Any CPU.ActiveCfg = Debug|Any CPU
		{3AE076C7-7897-4897-A8C2-EAA18F5842A8}.Debug|Any CPU.Build.0 = Debug|Any CPU
		{3AE076C7-7897-4897-A8C2-EAA18F5842A8}.Debug|x64.ActiveCfg = Debug|Any CPU
		{3AE076C7-7897-4897-A8C2-EAA18F5842A8}.Debug|x64.Build.0 = Debug|Any CPU
		{3AE076C7-7897-4897-A8C2-EAA18F5842A8}.Debug|x86.ActiveCfg = Debug|Any CPU
		{3AE076C7-7897-4897-A8C2-EAA18F5842A8}.Debug|x86.Build.0 = Debug|Any CPU
		{3AE076C7-7897-4897-A8C2-EAA18F5842A8}.Release|Any CPU.ActiveCfg = Release|Any CPU
		{3AE076C7-7897-4897-A8C2-EAA18F5842A8}.Release|Any CPU.Build.0 = Release|Any CPU
		{3AE076C7-7897-4897-A8C2-EAA18F5842A8}.Release|x64.ActiveCfg = Release|Any CPU
		{3AE076C7-7897-4897-A8C2-EAA18F5842A8}.Release|x64.Build.0 = Release|Any CPU
		{3AE076C7-7897-4897-A8C2-EAA18F5842A8}.Release|x86.ActiveCfg = Release|Any CPU
		{3AE076C7-7897-4897-A8C2-EAA18F5842A8}.Release|x86.Build.0 = Release|Any CPU
		{678F7669-00F5-4865-BD8A-503B26C78ED1}.Debug|Any CPU.ActiveCfg = Debug|Any CPU
		{678F7669-00F5-4865-BD8A-503B26C78ED1}.Debug|Any CPU.Build.0 = Debug|Any CPU
		{678F7669-00F5-4865-BD8A-503B26C78ED1}.Debug|x64.ActiveCfg = Debug|Any CPU
		{678F7669-00F5-4865-BD8A-503B26C78ED1}.Debug|x64.Build.0 = Debug|Any CPU
		{678F7669-00F5-4865-BD8A-503B26C78ED1}.Debug|x86.ActiveCfg = Debug|Any CPU
		{678F7669-00F5-4865-BD8A-503B26C78ED1}.Debug|x86.Build.0 = Debug|Any CPU
		{678F7669-00F5-4865-BD8A-503B26C78ED1}.Release|Any CPU.ActiveCfg = Release|Any CPU
		{678F7669-00F5-4865-BD8A-503B26C78ED1}.Release|Any CPU.Build.0 = Release|Any CPU
		{678F7669-00F5-4865-BD8A-503B26C78ED1}.Release|x64.ActiveCfg = Release|Any CPU
		{678F7669-00F5-4865-BD8A-503B26C78ED1}.Release|x64.Build.0 = Release|Any CPU
		{678F7669-00F5-4865-BD8A-503B26C78ED1}.Release|x86.ActiveCfg = Release|Any CPU
		{678F7669-00F5-4865-BD8A-503B26C78ED1}.Release|x86.Build.0 = Release|Any CPU
		{C48E041E-DF51-40ED-8CC0-2E1EB07EF111}.Debug|Any CPU.ActiveCfg = Debug|Any CPU
		{C48E041E-DF51-40ED-8CC0-2E1EB07EF111}.Debug|Any CPU.Build.0 = Debug|Any CPU
		{C48E041E-DF51-40ED-8CC0-2E1EB07EF111}.Debug|x64.ActiveCfg = Debug|Any CPU
		{C48E041E-DF51-40ED-8CC0-2E1EB07EF111}.Debug|x64.Build.0 = Debug|Any CPU
		{C48E041E-DF51-40ED-8CC0-2E1EB07EF111}.Debug|x86.ActiveCfg = Debug|Any CPU
		{C48E041E-DF51-40ED-8CC0-2E1EB07EF111}.Debug|x86.Build.0 = Debug|Any CPU
		{C48E041E-DF51-40ED-8CC0-2E1EB07EF111}.Release|Any CPU.ActiveCfg = Release|Any CPU
		{C48E041E-DF51-40ED-8CC0-2E1EB07EF111}.Release|Any CPU.Build.0 = Release|Any CPU
		{C48E041E-DF51-40ED-8CC0-2E1EB07EF111}.Release|x64.ActiveCfg = Release|Any CPU
		{C48E041E-DF51-40ED-8CC0-2E1EB07EF111}.Release|x64.Build.0 = Release|Any CPU
		{C48E041E-DF51-40ED-8CC0-2E1EB07EF111}.Release|x86.ActiveCfg = Release|Any CPU
		{C48E041E-DF51-40ED-8CC0-2E1EB07EF111}.Release|x86.Build.0 = Release|Any CPU
		{CDF55092-F4E3-4365-BF8D-E2E6EC093C70}.Debug|Any CPU.ActiveCfg = Debug|Any CPU
		{CDF55092-F4E3-4365-BF8D-E2E6EC093C70}.Debug|Any CPU.Build.0 = Debug|Any CPU
		{CDF55092-F4E3-4365-BF8D-E2E6EC093C70}.Debug|x64.ActiveCfg = Debug|Any CPU
		{CDF55092-F4E3-4365-BF8D-E2E6EC093C70}.Debug|x64.Build.0 = Debug|Any CPU
		{CDF55092-F4E3-4365-BF8D-E2E6EC093C70}.Debug|x86.ActiveCfg = Debug|Any CPU
		{CDF55092-F4E3-4365-BF8D-E2E6EC093C70}.Debug|x86.Build.0 = Debug|Any CPU
		{CDF55092-F4E3-4365-BF8D-E2E6EC093C70}.Release|Any CPU.ActiveCfg = Release|Any CPU
		{CDF55092-F4E3-4365-BF8D-E2E6EC093C70}.Release|Any CPU.Build.0 = Release|Any CPU
		{CDF55092-F4E3-4365-BF8D-E2E6EC093C70}.Release|x64.ActiveCfg = Release|Any CPU
		{CDF55092-F4E3-4365-BF8D-E2E6EC093C70}.Release|x64.Build.0 = Release|Any CPU
		{CDF55092-F4E3-4365-BF8D-E2E6EC093C70}.Release|x86.ActiveCfg = Release|Any CPU
		{CDF55092-F4E3-4365-BF8D-E2E6EC093C70}.Release|x86.Build.0 = Release|Any CPU
		{C844BCF6-BA5A-4512-B3D0-4FA78228D3A6}.Debug|Any CPU.ActiveCfg = Debug|Any CPU
		{C844BCF6-BA5A-4512-B3D0-4FA78228D3A6}.Debug|Any CPU.Build.0 = Debug|Any CPU
		{C844BCF6-BA5A-4512-B3D0-4FA78228D3A6}.Debug|x64.ActiveCfg = Debug|Any CPU
		{C844BCF6-BA5A-4512-B3D0-4FA78228D3A6}.Debug|x64.Build.0 = Debug|Any CPU
		{C844BCF6-BA5A-4512-B3D0-4FA78228D3A6}.Debug|x86.ActiveCfg = Debug|Any CPU
		{C844BCF6-BA5A-4512-B3D0-4FA78228D3A6}.Debug|x86.Build.0 = Debug|Any CPU
		{C844BCF6-BA5A-4512-B3D0-4FA78228D3A6}.Release|Any CPU.ActiveCfg = Release|Any CPU
		{C844BCF6-BA5A-4512-B3D0-4FA78228D3A6}.Release|Any CPU.Build.0 = Release|Any CPU
		{C844BCF6-BA5A-4512-B3D0-4FA78228D3A6}.Release|x64.ActiveCfg = Release|Any CPU
		{C844BCF6-BA5A-4512-B3D0-4FA78228D3A6}.Release|x64.Build.0 = Release|Any CPU
		{C844BCF6-BA5A-4512-B3D0-4FA78228D3A6}.Release|x86.ActiveCfg = Release|Any CPU
		{C844BCF6-BA5A-4512-B3D0-4FA78228D3A6}.Release|x86.Build.0 = Release|Any CPU
		{45D95136-AC3B-4871-8DC3-74C303E16DE7}.Debug|Any CPU.ActiveCfg = Debug|Any CPU
		{45D95136-AC3B-4871-8DC3-74C303E16DE7}.Debug|Any CPU.Build.0 = Debug|Any CPU
		{45D95136-AC3B-4871-8DC3-74C303E16DE7}.Debug|x64.ActiveCfg = Debug|Any CPU
		{45D95136-AC3B-4871-8DC3-74C303E16DE7}.Debug|x64.Build.0 = Debug|Any CPU
		{45D95136-AC3B-4871-8DC3-74C303E16DE7}.Debug|x86.ActiveCfg = Debug|Any CPU
		{45D95136-AC3B-4871-8DC3-74C303E16DE7}.Debug|x86.Build.0 = Debug|Any CPU
		{45D95136-AC3B-4871-8DC3-74C303E16DE7}.Release|Any CPU.ActiveCfg = Release|Any CPU
		{45D95136-AC3B-4871-8DC3-74C303E16DE7}.Release|Any CPU.Build.0 = Release|Any CPU
		{45D95136-AC3B-4871-8DC3-74C303E16DE7}.Release|x64.ActiveCfg = Release|Any CPU
		{45D95136-AC3B-4871-8DC3-74C303E16DE7}.Release|x64.Build.0 = Release|Any CPU
		{45D95136-AC3B-4871-8DC3-74C303E16DE7}.Release|x86.ActiveCfg = Release|Any CPU
		{45D95136-AC3B-4871-8DC3-74C303E16DE7}.Release|x86.Build.0 = Release|Any CPU
		{C1EAAD79-8EE3-4BF3-9CCA-7BEBC6633C90}.Debug|Any CPU.ActiveCfg = Debug|Any CPU
		{C1EAAD79-8EE3-4BF3-9CCA-7BEBC6633C90}.Debug|Any CPU.Build.0 = Debug|Any CPU
		{C1EAAD79-8EE3-4BF3-9CCA-7BEBC6633C90}.Debug|x64.ActiveCfg = Debug|Any CPU
		{C1EAAD79-8EE3-4BF3-9CCA-7BEBC6633C90}.Debug|x64.Build.0 = Debug|Any CPU
		{C1EAAD79-8EE3-4BF3-9CCA-7BEBC6633C90}.Debug|x86.ActiveCfg = Debug|Any CPU
		{C1EAAD79-8EE3-4BF3-9CCA-7BEBC6633C90}.Debug|x86.Build.0 = Debug|Any CPU
		{C1EAAD79-8EE3-4BF3-9CCA-7BEBC6633C90}.Release|Any CPU.ActiveCfg = Release|Any CPU
		{C1EAAD79-8EE3-4BF3-9CCA-7BEBC6633C90}.Release|Any CPU.Build.0 = Release|Any CPU
		{C1EAAD79-8EE3-4BF3-9CCA-7BEBC6633C90}.Release|x64.ActiveCfg = Release|Any CPU
		{C1EAAD79-8EE3-4BF3-9CCA-7BEBC6633C90}.Release|x64.Build.0 = Release|Any CPU
		{C1EAAD79-8EE3-4BF3-9CCA-7BEBC6633C90}.Release|x86.ActiveCfg = Release|Any CPU
		{C1EAAD79-8EE3-4BF3-9CCA-7BEBC6633C90}.Release|x86.Build.0 = Release|Any CPU
		{95B85AAA-BAEC-4693-96BC-3089EC50A08F}.Debug|Any CPU.ActiveCfg = Debug|Any CPU
		{95B85AAA-BAEC-4693-96BC-3089EC50A08F}.Debug|Any CPU.Build.0 = Debug|Any CPU
		{95B85AAA-BAEC-4693-96BC-3089EC50A08F}.Debug|x64.ActiveCfg = Debug|Any CPU
		{95B85AAA-BAEC-4693-96BC-3089EC50A08F}.Debug|x64.Build.0 = Debug|Any CPU
		{95B85AAA-BAEC-4693-96BC-3089EC50A08F}.Debug|x86.ActiveCfg = Debug|Any CPU
		{95B85AAA-BAEC-4693-96BC-3089EC50A08F}.Debug|x86.Build.0 = Debug|Any CPU
		{95B85AAA-BAEC-4693-96BC-3089EC50A08F}.Release|Any CPU.ActiveCfg = Release|Any CPU
		{95B85AAA-BAEC-4693-96BC-3089EC50A08F}.Release|Any CPU.Build.0 = Release|Any CPU
		{95B85AAA-BAEC-4693-96BC-3089EC50A08F}.Release|x64.ActiveCfg = Release|Any CPU
		{95B85AAA-BAEC-4693-96BC-3089EC50A08F}.Release|x64.Build.0 = Release|Any CPU
		{95B85AAA-BAEC-4693-96BC-3089EC50A08F}.Release|x86.ActiveCfg = Release|Any CPU
		{95B85AAA-BAEC-4693-96BC-3089EC50A08F}.Release|x86.Build.0 = Release|Any CPU
		{37756088-25ED-4FF1-8010-B72131426EF2}.Debug|Any CPU.ActiveCfg = Debug|Any CPU
		{37756088-25ED-4FF1-8010-B72131426EF2}.Debug|Any CPU.Build.0 = Debug|Any CPU
		{37756088-25ED-4FF1-8010-B72131426EF2}.Debug|x64.ActiveCfg = Debug|Any CPU
		{37756088-25ED-4FF1-8010-B72131426EF2}.Debug|x64.Build.0 = Debug|Any CPU
		{37756088-25ED-4FF1-8010-B72131426EF2}.Debug|x86.ActiveCfg = Debug|Any CPU
		{37756088-25ED-4FF1-8010-B72131426EF2}.Debug|x86.Build.0 = Debug|Any CPU
		{37756088-25ED-4FF1-8010-B72131426EF2}.Release|Any CPU.ActiveCfg = Release|Any CPU
		{37756088-25ED-4FF1-8010-B72131426EF2}.Release|Any CPU.Build.0 = Release|Any CPU
		{37756088-25ED-4FF1-8010-B72131426EF2}.Release|x64.ActiveCfg = Release|Any CPU
		{37756088-25ED-4FF1-8010-B72131426EF2}.Release|x64.Build.0 = Release|Any CPU
		{37756088-25ED-4FF1-8010-B72131426EF2}.Release|x86.ActiveCfg = Release|Any CPU
		{37756088-25ED-4FF1-8010-B72131426EF2}.Release|x86.Build.0 = Release|Any CPU
		{28E856E4-654D-4F09-BB04-932857DD8254}.Debug|Any CPU.ActiveCfg = Debug|Any CPU
		{28E856E4-654D-4F09-BB04-932857DD8254}.Debug|Any CPU.Build.0 = Debug|Any CPU
		{28E856E4-654D-4F09-BB04-932857DD8254}.Debug|x64.ActiveCfg = Debug|Any CPU
		{28E856E4-654D-4F09-BB04-932857DD8254}.Debug|x64.Build.0 = Debug|Any CPU
		{28E856E4-654D-4F09-BB04-932857DD8254}.Debug|x86.ActiveCfg = Debug|Any CPU
		{28E856E4-654D-4F09-BB04-932857DD8254}.Debug|x86.Build.0 = Debug|Any CPU
		{28E856E4-654D-4F09-BB04-932857DD8254}.Release|Any CPU.ActiveCfg = Release|Any CPU
		{28E856E4-654D-4F09-BB04-932857DD8254}.Release|Any CPU.Build.0 = Release|Any CPU
		{28E856E4-654D-4F09-BB04-932857DD8254}.Release|x64.ActiveCfg = Release|Any CPU
		{28E856E4-654D-4F09-BB04-932857DD8254}.Release|x64.Build.0 = Release|Any CPU
		{28E856E4-654D-4F09-BB04-932857DD8254}.Release|x86.ActiveCfg = Release|Any CPU
		{28E856E4-654D-4F09-BB04-932857DD8254}.Release|x86.Build.0 = Release|Any CPU
		{07C9B35F-D07B-4810-A81E-92AF21644287}.Debug|Any CPU.ActiveCfg = Debug|Any CPU
		{07C9B35F-D07B-4810-A81E-92AF21644287}.Debug|Any CPU.Build.0 = Debug|Any CPU
		{07C9B35F-D07B-4810-A81E-92AF21644287}.Debug|x64.ActiveCfg = Debug|Any CPU
		{07C9B35F-D07B-4810-A81E-92AF21644287}.Debug|x64.Build.0 = Debug|Any CPU
		{07C9B35F-D07B-4810-A81E-92AF21644287}.Debug|x86.ActiveCfg = Debug|Any CPU
		{07C9B35F-D07B-4810-A81E-92AF21644287}.Debug|x86.Build.0 = Debug|Any CPU
		{07C9B35F-D07B-4810-A81E-92AF21644287}.Release|Any CPU.ActiveCfg = Release|Any CPU
		{07C9B35F-D07B-4810-A81E-92AF21644287}.Release|Any CPU.Build.0 = Release|Any CPU
		{07C9B35F-D07B-4810-A81E-92AF21644287}.Release|x64.ActiveCfg = Release|Any CPU
		{07C9B35F-D07B-4810-A81E-92AF21644287}.Release|x64.Build.0 = Release|Any CPU
		{07C9B35F-D07B-4810-A81E-92AF21644287}.Release|x86.ActiveCfg = Release|Any CPU
		{07C9B35F-D07B-4810-A81E-92AF21644287}.Release|x86.Build.0 = Release|Any CPU
		{04EDAFBD-0A95-4844-877D-B00AE88BA63C}.Debug|Any CPU.ActiveCfg = Debug|Any CPU
		{04EDAFBD-0A95-4844-877D-B00AE88BA63C}.Debug|Any CPU.Build.0 = Debug|Any CPU
		{04EDAFBD-0A95-4844-877D-B00AE88BA63C}.Debug|x64.ActiveCfg = Debug|Any CPU
		{04EDAFBD-0A95-4844-877D-B00AE88BA63C}.Debug|x64.Build.0 = Debug|Any CPU
		{04EDAFBD-0A95-4844-877D-B00AE88BA63C}.Debug|x86.ActiveCfg = Debug|Any CPU
		{04EDAFBD-0A95-4844-877D-B00AE88BA63C}.Debug|x86.Build.0 = Debug|Any CPU
		{04EDAFBD-0A95-4844-877D-B00AE88BA63C}.Release|Any CPU.ActiveCfg = Release|Any CPU
		{04EDAFBD-0A95-4844-877D-B00AE88BA63C}.Release|Any CPU.Build.0 = Release|Any CPU
		{04EDAFBD-0A95-4844-877D-B00AE88BA63C}.Release|x64.ActiveCfg = Release|Any CPU
		{04EDAFBD-0A95-4844-877D-B00AE88BA63C}.Release|x64.Build.0 = Release|Any CPU
		{04EDAFBD-0A95-4844-877D-B00AE88BA63C}.Release|x86.ActiveCfg = Release|Any CPU
		{04EDAFBD-0A95-4844-877D-B00AE88BA63C}.Release|x86.Build.0 = Release|Any CPU
		{A70A4AC3-99E2-4EBF-BA4A-200960ED6BBB}.Debug|Any CPU.ActiveCfg = Debug|Any CPU
		{A70A4AC3-99E2-4EBF-BA4A-200960ED6BBB}.Debug|Any CPU.Build.0 = Debug|Any CPU
		{A70A4AC3-99E2-4EBF-BA4A-200960ED6BBB}.Debug|x64.ActiveCfg = Debug|Any CPU
		{A70A4AC3-99E2-4EBF-BA4A-200960ED6BBB}.Debug|x64.Build.0 = Debug|Any CPU
		{A70A4AC3-99E2-4EBF-BA4A-200960ED6BBB}.Debug|x86.ActiveCfg = Debug|Any CPU
		{A70A4AC3-99E2-4EBF-BA4A-200960ED6BBB}.Debug|x86.Build.0 = Debug|Any CPU
		{A70A4AC3-99E2-4EBF-BA4A-200960ED6BBB}.Release|Any CPU.ActiveCfg = Release|Any CPU
		{A70A4AC3-99E2-4EBF-BA4A-200960ED6BBB}.Release|Any CPU.Build.0 = Release|Any CPU
		{A70A4AC3-99E2-4EBF-BA4A-200960ED6BBB}.Release|x64.ActiveCfg = Release|Any CPU
		{A70A4AC3-99E2-4EBF-BA4A-200960ED6BBB}.Release|x64.Build.0 = Release|Any CPU
		{A70A4AC3-99E2-4EBF-BA4A-200960ED6BBB}.Release|x86.ActiveCfg = Release|Any CPU
		{A70A4AC3-99E2-4EBF-BA4A-200960ED6BBB}.Release|x86.Build.0 = Release|Any CPU
		{02D81A95-BBDF-4872-B497-947AA07A3986}.Debug|Any CPU.ActiveCfg = Debug|Any CPU
		{02D81A95-BBDF-4872-B497-947AA07A3986}.Debug|Any CPU.Build.0 = Debug|Any CPU
		{02D81A95-BBDF-4872-B497-947AA07A3986}.Debug|x64.ActiveCfg = Debug|Any CPU
		{02D81A95-BBDF-4872-B497-947AA07A3986}.Debug|x64.Build.0 = Debug|Any CPU
		{02D81A95-BBDF-4872-B497-947AA07A3986}.Debug|x86.ActiveCfg = Debug|Any CPU
		{02D81A95-BBDF-4872-B497-947AA07A3986}.Debug|x86.Build.0 = Debug|Any CPU
		{02D81A95-BBDF-4872-B497-947AA07A3986}.Release|Any CPU.ActiveCfg = Release|Any CPU
		{02D81A95-BBDF-4872-B497-947AA07A3986}.Release|Any CPU.Build.0 = Release|Any CPU
		{02D81A95-BBDF-4872-B497-947AA07A3986}.Release|x64.ActiveCfg = Release|Any CPU
		{02D81A95-BBDF-4872-B497-947AA07A3986}.Release|x64.Build.0 = Release|Any CPU
		{02D81A95-BBDF-4872-B497-947AA07A3986}.Release|x86.ActiveCfg = Release|Any CPU
		{02D81A95-BBDF-4872-B497-947AA07A3986}.Release|x86.Build.0 = Release|Any CPU
		{E7845708-AD48-4ECD-8C6F-F00BD709B4CB}.Debug|Any CPU.ActiveCfg = Debug|Any CPU
		{E7845708-AD48-4ECD-8C6F-F00BD709B4CB}.Debug|Any CPU.Build.0 = Debug|Any CPU
		{E7845708-AD48-4ECD-8C6F-F00BD709B4CB}.Debug|x64.ActiveCfg = Debug|Any CPU
		{E7845708-AD48-4ECD-8C6F-F00BD709B4CB}.Debug|x64.Build.0 = Debug|Any CPU
		{E7845708-AD48-4ECD-8C6F-F00BD709B4CB}.Debug|x86.ActiveCfg = Debug|Any CPU
		{E7845708-AD48-4ECD-8C6F-F00BD709B4CB}.Debug|x86.Build.0 = Debug|Any CPU
		{E7845708-AD48-4ECD-8C6F-F00BD709B4CB}.Release|Any CPU.ActiveCfg = Release|Any CPU
		{E7845708-AD48-4ECD-8C6F-F00BD709B4CB}.Release|Any CPU.Build.0 = Release|Any CPU
		{E7845708-AD48-4ECD-8C6F-F00BD709B4CB}.Release|x64.ActiveCfg = Release|Any CPU
		{E7845708-AD48-4ECD-8C6F-F00BD709B4CB}.Release|x64.Build.0 = Release|Any CPU
		{E7845708-AD48-4ECD-8C6F-F00BD709B4CB}.Release|x86.ActiveCfg = Release|Any CPU
		{E7845708-AD48-4ECD-8C6F-F00BD709B4CB}.Release|x86.Build.0 = Release|Any CPU
		{D56E9F05-7B11-47F4-8CED-9153410B681F}.Debug|Any CPU.ActiveCfg = Debug|Any CPU
		{D56E9F05-7B11-47F4-8CED-9153410B681F}.Debug|Any CPU.Build.0 = Debug|Any CPU
		{D56E9F05-7B11-47F4-8CED-9153410B681F}.Debug|x64.ActiveCfg = Debug|Any CPU
		{D56E9F05-7B11-47F4-8CED-9153410B681F}.Debug|x64.Build.0 = Debug|Any CPU
		{D56E9F05-7B11-47F4-8CED-9153410B681F}.Debug|x86.ActiveCfg = Debug|Any CPU
		{D56E9F05-7B11-47F4-8CED-9153410B681F}.Debug|x86.Build.0 = Debug|Any CPU
		{D56E9F05-7B11-47F4-8CED-9153410B681F}.Release|Any CPU.ActiveCfg = Release|Any CPU
		{D56E9F05-7B11-47F4-8CED-9153410B681F}.Release|Any CPU.Build.0 = Release|Any CPU
		{D56E9F05-7B11-47F4-8CED-9153410B681F}.Release|x64.ActiveCfg = Release|Any CPU
		{D56E9F05-7B11-47F4-8CED-9153410B681F}.Release|x64.Build.0 = Release|Any CPU
		{D56E9F05-7B11-47F4-8CED-9153410B681F}.Release|x86.ActiveCfg = Release|Any CPU
		{D56E9F05-7B11-47F4-8CED-9153410B681F}.Release|x86.Build.0 = Release|Any CPU
		{6737E206-8EE0-4DC4-ACB6-8653C3DDC6C8}.Debug|Any CPU.ActiveCfg = Debug|Any CPU
		{6737E206-8EE0-4DC4-ACB6-8653C3DDC6C8}.Debug|Any CPU.Build.0 = Debug|Any CPU
		{6737E206-8EE0-4DC4-ACB6-8653C3DDC6C8}.Debug|x64.ActiveCfg = Debug|Any CPU
		{6737E206-8EE0-4DC4-ACB6-8653C3DDC6C8}.Debug|x64.Build.0 = Debug|Any CPU
		{6737E206-8EE0-4DC4-ACB6-8653C3DDC6C8}.Debug|x86.ActiveCfg = Debug|Any CPU
		{6737E206-8EE0-4DC4-ACB6-8653C3DDC6C8}.Debug|x86.Build.0 = Debug|Any CPU
		{6737E206-8EE0-4DC4-ACB6-8653C3DDC6C8}.Release|Any CPU.ActiveCfg = Release|Any CPU
		{6737E206-8EE0-4DC4-ACB6-8653C3DDC6C8}.Release|Any CPU.Build.0 = Release|Any CPU
		{6737E206-8EE0-4DC4-ACB6-8653C3DDC6C8}.Release|x64.ActiveCfg = Release|Any CPU
		{6737E206-8EE0-4DC4-ACB6-8653C3DDC6C8}.Release|x64.Build.0 = Release|Any CPU
		{6737E206-8EE0-4DC4-ACB6-8653C3DDC6C8}.Release|x86.ActiveCfg = Release|Any CPU
		{6737E206-8EE0-4DC4-ACB6-8653C3DDC6C8}.Release|x86.Build.0 = Release|Any CPU
		{898AC500-A8D6-414C-AAFA-0EDC0FEEA68E}.Debug|Any CPU.ActiveCfg = Debug|Any CPU
		{898AC500-A8D6-414C-AAFA-0EDC0FEEA68E}.Debug|Any CPU.Build.0 = Debug|Any CPU
		{898AC500-A8D6-414C-AAFA-0EDC0FEEA68E}.Debug|x64.ActiveCfg = Debug|Any CPU
		{898AC500-A8D6-414C-AAFA-0EDC0FEEA68E}.Debug|x64.Build.0 = Debug|Any CPU
		{898AC500-A8D6-414C-AAFA-0EDC0FEEA68E}.Debug|x86.ActiveCfg = Debug|Any CPU
		{898AC500-A8D6-414C-AAFA-0EDC0FEEA68E}.Debug|x86.Build.0 = Debug|Any CPU
		{898AC500-A8D6-414C-AAFA-0EDC0FEEA68E}.Release|Any CPU.ActiveCfg = Release|Any CPU
		{898AC500-A8D6-414C-AAFA-0EDC0FEEA68E}.Release|Any CPU.Build.0 = Release|Any CPU
		{898AC500-A8D6-414C-AAFA-0EDC0FEEA68E}.Release|x64.ActiveCfg = Release|Any CPU
		{898AC500-A8D6-414C-AAFA-0EDC0FEEA68E}.Release|x64.Build.0 = Release|Any CPU
		{898AC500-A8D6-414C-AAFA-0EDC0FEEA68E}.Release|x86.ActiveCfg = Release|Any CPU
		{898AC500-A8D6-414C-AAFA-0EDC0FEEA68E}.Release|x86.Build.0 = Release|Any CPU
		{D48EAE30-DF05-4F89-B412-21F46096737C}.Debug|Any CPU.ActiveCfg = Debug|Any CPU
		{D48EAE30-DF05-4F89-B412-21F46096737C}.Debug|Any CPU.Build.0 = Debug|Any CPU
		{D48EAE30-DF05-4F89-B412-21F46096737C}.Debug|x64.ActiveCfg = Debug|Any CPU
		{D48EAE30-DF05-4F89-B412-21F46096737C}.Debug|x64.Build.0 = Debug|Any CPU
		{D48EAE30-DF05-4F89-B412-21F46096737C}.Debug|x86.ActiveCfg = Debug|Any CPU
		{D48EAE30-DF05-4F89-B412-21F46096737C}.Debug|x86.Build.0 = Debug|Any CPU
		{D48EAE30-DF05-4F89-B412-21F46096737C}.Release|Any CPU.ActiveCfg = Release|Any CPU
		{D48EAE30-DF05-4F89-B412-21F46096737C}.Release|Any CPU.Build.0 = Release|Any CPU
		{D48EAE30-DF05-4F89-B412-21F46096737C}.Release|x64.ActiveCfg = Release|Any CPU
		{D48EAE30-DF05-4F89-B412-21F46096737C}.Release|x64.Build.0 = Release|Any CPU
		{D48EAE30-DF05-4F89-B412-21F46096737C}.Release|x86.ActiveCfg = Release|Any CPU
		{D48EAE30-DF05-4F89-B412-21F46096737C}.Release|x86.Build.0 = Release|Any CPU
		{489733B7-55BA-E48A-F919-6929BC4DAB98}.Debug|Any CPU.ActiveCfg = Debug|Any CPU
		{489733B7-55BA-E48A-F919-6929BC4DAB98}.Debug|Any CPU.Build.0 = Debug|Any CPU
		{489733B7-55BA-E48A-F919-6929BC4DAB98}.Debug|x64.ActiveCfg = Debug|Any CPU
		{489733B7-55BA-E48A-F919-6929BC4DAB98}.Debug|x64.Build.0 = Debug|Any CPU
		{489733B7-55BA-E48A-F919-6929BC4DAB98}.Debug|x86.ActiveCfg = Debug|Any CPU
		{489733B7-55BA-E48A-F919-6929BC4DAB98}.Debug|x86.Build.0 = Debug|Any CPU
		{489733B7-55BA-E48A-F919-6929BC4DAB98}.Release|Any CPU.ActiveCfg = Release|Any CPU
		{489733B7-55BA-E48A-F919-6929BC4DAB98}.Release|Any CPU.Build.0 = Release|Any CPU
		{489733B7-55BA-E48A-F919-6929BC4DAB98}.Release|x64.ActiveCfg = Release|Any CPU
		{489733B7-55BA-E48A-F919-6929BC4DAB98}.Release|x64.Build.0 = Release|Any CPU
		{489733B7-55BA-E48A-F919-6929BC4DAB98}.Release|x86.ActiveCfg = Release|Any CPU
		{489733B7-55BA-E48A-F919-6929BC4DAB98}.Release|x86.Build.0 = Release|Any CPU
		{37C383C5-937E-4719-8481-AB1FD220795E}.Debug|Any CPU.ActiveCfg = Debug|Any CPU
		{37C383C5-937E-4719-8481-AB1FD220795E}.Debug|Any CPU.Build.0 = Debug|Any CPU
		{37C383C5-937E-4719-8481-AB1FD220795E}.Debug|x64.ActiveCfg = Debug|Any CPU
		{37C383C5-937E-4719-8481-AB1FD220795E}.Debug|x64.Build.0 = Debug|Any CPU
		{37C383C5-937E-4719-8481-AB1FD220795E}.Debug|x86.ActiveCfg = Debug|Any CPU
		{37C383C5-937E-4719-8481-AB1FD220795E}.Debug|x86.Build.0 = Debug|Any CPU
		{37C383C5-937E-4719-8481-AB1FD220795E}.Release|Any CPU.ActiveCfg = Release|Any CPU
		{37C383C5-937E-4719-8481-AB1FD220795E}.Release|Any CPU.Build.0 = Release|Any CPU
		{37C383C5-937E-4719-8481-AB1FD220795E}.Release|x64.ActiveCfg = Release|Any CPU
		{37C383C5-937E-4719-8481-AB1FD220795E}.Release|x64.Build.0 = Release|Any CPU
		{37C383C5-937E-4719-8481-AB1FD220795E}.Release|x86.ActiveCfg = Release|Any CPU
		{37C383C5-937E-4719-8481-AB1FD220795E}.Release|x86.Build.0 = Release|Any CPU
		{CDA55DC0-8EBF-9F8E-AD38-19282E327949}.Debug|Any CPU.ActiveCfg = Debug|Any CPU
		{CDA55DC0-8EBF-9F8E-AD38-19282E327949}.Debug|Any CPU.Build.0 = Debug|Any CPU
		{CDA55DC0-8EBF-9F8E-AD38-19282E327949}.Debug|x64.ActiveCfg = Debug|Any CPU
		{CDA55DC0-8EBF-9F8E-AD38-19282E327949}.Debug|x64.Build.0 = Debug|Any CPU
		{CDA55DC0-8EBF-9F8E-AD38-19282E327949}.Debug|x86.ActiveCfg = Debug|Any CPU
		{CDA55DC0-8EBF-9F8E-AD38-19282E327949}.Debug|x86.Build.0 = Debug|Any CPU
		{CDA55DC0-8EBF-9F8E-AD38-19282E327949}.Release|Any CPU.ActiveCfg = Release|Any CPU
		{CDA55DC0-8EBF-9F8E-AD38-19282E327949}.Release|Any CPU.Build.0 = Release|Any CPU
		{CDA55DC0-8EBF-9F8E-AD38-19282E327949}.Release|x64.ActiveCfg = Release|Any CPU
		{CDA55DC0-8EBF-9F8E-AD38-19282E327949}.Release|x64.Build.0 = Release|Any CPU
		{CDA55DC0-8EBF-9F8E-AD38-19282E327949}.Release|x86.ActiveCfg = Release|Any CPU
		{CDA55DC0-8EBF-9F8E-AD38-19282E327949}.Release|x86.Build.0 = Release|Any CPU
		{71D01A16-9247-41F3-8EB3-042A3F165987}.Debug|Any CPU.ActiveCfg = Debug|Any CPU
		{71D01A16-9247-41F3-8EB3-042A3F165987}.Debug|Any CPU.Build.0 = Debug|Any CPU
		{71D01A16-9247-41F3-8EB3-042A3F165987}.Debug|x64.ActiveCfg = Debug|Any CPU
		{71D01A16-9247-41F3-8EB3-042A3F165987}.Debug|x64.Build.0 = Debug|Any CPU
		{71D01A16-9247-41F3-8EB3-042A3F165987}.Debug|x86.ActiveCfg = Debug|Any CPU
		{71D01A16-9247-41F3-8EB3-042A3F165987}.Debug|x86.Build.0 = Debug|Any CPU
		{71D01A16-9247-41F3-8EB3-042A3F165987}.Release|Any CPU.ActiveCfg = Release|Any CPU
		{71D01A16-9247-41F3-8EB3-042A3F165987}.Release|Any CPU.Build.0 = Release|Any CPU
		{71D01A16-9247-41F3-8EB3-042A3F165987}.Release|x64.ActiveCfg = Release|Any CPU
		{71D01A16-9247-41F3-8EB3-042A3F165987}.Release|x64.Build.0 = Release|Any CPU
		{71D01A16-9247-41F3-8EB3-042A3F165987}.Release|x86.ActiveCfg = Release|Any CPU
		{71D01A16-9247-41F3-8EB3-042A3F165987}.Release|x86.Build.0 = Release|Any CPU
		{7EDFFBB9-5ED2-4D8E-975F-9E3FF1335DAC}.Debug|Any CPU.ActiveCfg = Debug|Any CPU
		{7EDFFBB9-5ED2-4D8E-975F-9E3FF1335DAC}.Debug|Any CPU.Build.0 = Debug|Any CPU
		{7EDFFBB9-5ED2-4D8E-975F-9E3FF1335DAC}.Debug|x64.ActiveCfg = Debug|Any CPU
		{7EDFFBB9-5ED2-4D8E-975F-9E3FF1335DAC}.Debug|x64.Build.0 = Debug|Any CPU
		{7EDFFBB9-5ED2-4D8E-975F-9E3FF1335DAC}.Debug|x86.ActiveCfg = Debug|Any CPU
		{7EDFFBB9-5ED2-4D8E-975F-9E3FF1335DAC}.Debug|x86.Build.0 = Debug|Any CPU
		{7EDFFBB9-5ED2-4D8E-975F-9E3FF1335DAC}.Release|Any CPU.ActiveCfg = Release|Any CPU
		{7EDFFBB9-5ED2-4D8E-975F-9E3FF1335DAC}.Release|Any CPU.Build.0 = Release|Any CPU
		{7EDFFBB9-5ED2-4D8E-975F-9E3FF1335DAC}.Release|x64.ActiveCfg = Release|Any CPU
		{7EDFFBB9-5ED2-4D8E-975F-9E3FF1335DAC}.Release|x64.Build.0 = Release|Any CPU
		{7EDFFBB9-5ED2-4D8E-975F-9E3FF1335DAC}.Release|x86.ActiveCfg = Release|Any CPU
		{7EDFFBB9-5ED2-4D8E-975F-9E3FF1335DAC}.Release|x86.Build.0 = Release|Any CPU
		{81F63346-4892-45D3-805F-7897D13879F4}.Debug|Any CPU.ActiveCfg = Debug|Any CPU
		{81F63346-4892-45D3-805F-7897D13879F4}.Debug|Any CPU.Build.0 = Debug|Any CPU
		{81F63346-4892-45D3-805F-7897D13879F4}.Debug|x64.ActiveCfg = Debug|Any CPU
		{81F63346-4892-45D3-805F-7897D13879F4}.Debug|x64.Build.0 = Debug|Any CPU
		{81F63346-4892-45D3-805F-7897D13879F4}.Debug|x86.ActiveCfg = Debug|Any CPU
		{81F63346-4892-45D3-805F-7897D13879F4}.Debug|x86.Build.0 = Debug|Any CPU
		{81F63346-4892-45D3-805F-7897D13879F4}.Release|Any CPU.ActiveCfg = Release|Any CPU
		{81F63346-4892-45D3-805F-7897D13879F4}.Release|Any CPU.Build.0 = Release|Any CPU
		{81F63346-4892-45D3-805F-7897D13879F4}.Release|x64.ActiveCfg = Release|Any CPU
		{81F63346-4892-45D3-805F-7897D13879F4}.Release|x64.Build.0 = Release|Any CPU
		{81F63346-4892-45D3-805F-7897D13879F4}.Release|x86.ActiveCfg = Release|Any CPU
		{81F63346-4892-45D3-805F-7897D13879F4}.Release|x86.Build.0 = Release|Any CPU
		{BAF8DB96-08A1-4F2E-9059-F144A281BA5C}.Debug|Any CPU.ActiveCfg = Debug|Any CPU
		{BAF8DB96-08A1-4F2E-9059-F144A281BA5C}.Debug|Any CPU.Build.0 = Debug|Any CPU
		{BAF8DB96-08A1-4F2E-9059-F144A281BA5C}.Debug|x64.ActiveCfg = Debug|Any CPU
		{BAF8DB96-08A1-4F2E-9059-F144A281BA5C}.Debug|x64.Build.0 = Debug|Any CPU
		{BAF8DB96-08A1-4F2E-9059-F144A281BA5C}.Debug|x86.ActiveCfg = Debug|Any CPU
		{BAF8DB96-08A1-4F2E-9059-F144A281BA5C}.Debug|x86.Build.0 = Debug|Any CPU
		{BAF8DB96-08A1-4F2E-9059-F144A281BA5C}.Release|Any CPU.ActiveCfg = Release|Any CPU
		{BAF8DB96-08A1-4F2E-9059-F144A281BA5C}.Release|Any CPU.Build.0 = Release|Any CPU
		{BAF8DB96-08A1-4F2E-9059-F144A281BA5C}.Release|x64.ActiveCfg = Release|Any CPU
		{BAF8DB96-08A1-4F2E-9059-F144A281BA5C}.Release|x64.Build.0 = Release|Any CPU
		{BAF8DB96-08A1-4F2E-9059-F144A281BA5C}.Release|x86.ActiveCfg = Release|Any CPU
		{BAF8DB96-08A1-4F2E-9059-F144A281BA5C}.Release|x86.Build.0 = Release|Any CPU
		{D0561B36-9625-4A65-AF90-F9D0D9A4D8F1}.Debug|Any CPU.ActiveCfg = Debug|Any CPU
		{D0561B36-9625-4A65-AF90-F9D0D9A4D8F1}.Debug|Any CPU.Build.0 = Debug|Any CPU
		{D0561B36-9625-4A65-AF90-F9D0D9A4D8F1}.Debug|x64.ActiveCfg = Debug|Any CPU
		{D0561B36-9625-4A65-AF90-F9D0D9A4D8F1}.Debug|x64.Build.0 = Debug|Any CPU
		{D0561B36-9625-4A65-AF90-F9D0D9A4D8F1}.Debug|x86.ActiveCfg = Debug|Any CPU
		{D0561B36-9625-4A65-AF90-F9D0D9A4D8F1}.Debug|x86.Build.0 = Debug|Any CPU
		{D0561B36-9625-4A65-AF90-F9D0D9A4D8F1}.Release|Any CPU.ActiveCfg = Release|Any CPU
		{D0561B36-9625-4A65-AF90-F9D0D9A4D8F1}.Release|Any CPU.Build.0 = Release|Any CPU
		{D0561B36-9625-4A65-AF90-F9D0D9A4D8F1}.Release|x64.ActiveCfg = Release|Any CPU
		{D0561B36-9625-4A65-AF90-F9D0D9A4D8F1}.Release|x64.Build.0 = Release|Any CPU
		{D0561B36-9625-4A65-AF90-F9D0D9A4D8F1}.Release|x86.ActiveCfg = Release|Any CPU
		{D0561B36-9625-4A65-AF90-F9D0D9A4D8F1}.Release|x86.Build.0 = Release|Any CPU
		{A7194A16-46A8-4250-90FE-4F0E37E8A0D1}.Debug|Any CPU.ActiveCfg = Debug|Any CPU
		{A7194A16-46A8-4250-90FE-4F0E37E8A0D1}.Debug|Any CPU.Build.0 = Debug|Any CPU
		{A7194A16-46A8-4250-90FE-4F0E37E8A0D1}.Debug|x64.ActiveCfg = Debug|Any CPU
		{A7194A16-46A8-4250-90FE-4F0E37E8A0D1}.Debug|x64.Build.0 = Debug|Any CPU
		{A7194A16-46A8-4250-90FE-4F0E37E8A0D1}.Debug|x86.ActiveCfg = Debug|Any CPU
		{A7194A16-46A8-4250-90FE-4F0E37E8A0D1}.Debug|x86.Build.0 = Debug|Any CPU
		{A7194A16-46A8-4250-90FE-4F0E37E8A0D1}.Release|Any CPU.ActiveCfg = Release|Any CPU
		{A7194A16-46A8-4250-90FE-4F0E37E8A0D1}.Release|Any CPU.Build.0 = Release|Any CPU
		{A7194A16-46A8-4250-90FE-4F0E37E8A0D1}.Release|x64.ActiveCfg = Release|Any CPU
		{A7194A16-46A8-4250-90FE-4F0E37E8A0D1}.Release|x64.Build.0 = Release|Any CPU
		{A7194A16-46A8-4250-90FE-4F0E37E8A0D1}.Release|x86.ActiveCfg = Release|Any CPU
		{A7194A16-46A8-4250-90FE-4F0E37E8A0D1}.Release|x86.Build.0 = Release|Any CPU
		{31C656CF-8377-4ED8-B274-ADF91A33D7EB}.Debug|Any CPU.ActiveCfg = Debug|Any CPU
		{31C656CF-8377-4ED8-B274-ADF91A33D7EB}.Debug|Any CPU.Build.0 = Debug|Any CPU
		{31C656CF-8377-4ED8-B274-ADF91A33D7EB}.Debug|x64.ActiveCfg = Debug|Any CPU
		{31C656CF-8377-4ED8-B274-ADF91A33D7EB}.Debug|x64.Build.0 = Debug|Any CPU
		{31C656CF-8377-4ED8-B274-ADF91A33D7EB}.Debug|x86.ActiveCfg = Debug|Any CPU
		{31C656CF-8377-4ED8-B274-ADF91A33D7EB}.Debug|x86.Build.0 = Debug|Any CPU
		{31C656CF-8377-4ED8-B274-ADF91A33D7EB}.Release|Any CPU.ActiveCfg = Release|Any CPU
		{31C656CF-8377-4ED8-B274-ADF91A33D7EB}.Release|Any CPU.Build.0 = Release|Any CPU
		{31C656CF-8377-4ED8-B274-ADF91A33D7EB}.Release|x64.ActiveCfg = Release|Any CPU
		{31C656CF-8377-4ED8-B274-ADF91A33D7EB}.Release|x64.Build.0 = Release|Any CPU
		{31C656CF-8377-4ED8-B274-ADF91A33D7EB}.Release|x86.ActiveCfg = Release|Any CPU
		{31C656CF-8377-4ED8-B274-ADF91A33D7EB}.Release|x86.Build.0 = Release|Any CPU
		{F2899A23-802E-41A0-8EAF-60D61FD67E6B}.Debug|Any CPU.ActiveCfg = Debug|Any CPU
		{F2899A23-802E-41A0-8EAF-60D61FD67E6B}.Debug|Any CPU.Build.0 = Debug|Any CPU
		{F2899A23-802E-41A0-8EAF-60D61FD67E6B}.Debug|x64.ActiveCfg = Debug|Any CPU
		{F2899A23-802E-41A0-8EAF-60D61FD67E6B}.Debug|x64.Build.0 = Debug|Any CPU
		{F2899A23-802E-41A0-8EAF-60D61FD67E6B}.Debug|x86.ActiveCfg = Debug|Any CPU
		{F2899A23-802E-41A0-8EAF-60D61FD67E6B}.Debug|x86.Build.0 = Debug|Any CPU
		{F2899A23-802E-41A0-8EAF-60D61FD67E6B}.Release|Any CPU.ActiveCfg = Release|Any CPU
		{F2899A23-802E-41A0-8EAF-60D61FD67E6B}.Release|Any CPU.Build.0 = Release|Any CPU
		{F2899A23-802E-41A0-8EAF-60D61FD67E6B}.Release|x64.ActiveCfg = Release|Any CPU
		{F2899A23-802E-41A0-8EAF-60D61FD67E6B}.Release|x64.Build.0 = Release|Any CPU
		{F2899A23-802E-41A0-8EAF-60D61FD67E6B}.Release|x86.ActiveCfg = Release|Any CPU
		{F2899A23-802E-41A0-8EAF-60D61FD67E6B}.Release|x86.Build.0 = Release|Any CPU
		{D8A77892-4FE9-492D-97A3-4B503C4E73C6}.Debug|Any CPU.ActiveCfg = Debug|Any CPU
		{D8A77892-4FE9-492D-97A3-4B503C4E73C6}.Debug|Any CPU.Build.0 = Debug|Any CPU
		{D8A77892-4FE9-492D-97A3-4B503C4E73C6}.Debug|x64.ActiveCfg = Debug|Any CPU
		{D8A77892-4FE9-492D-97A3-4B503C4E73C6}.Debug|x64.Build.0 = Debug|Any CPU
		{D8A77892-4FE9-492D-97A3-4B503C4E73C6}.Debug|x86.ActiveCfg = Debug|Any CPU
		{D8A77892-4FE9-492D-97A3-4B503C4E73C6}.Debug|x86.Build.0 = Debug|Any CPU
		{D8A77892-4FE9-492D-97A3-4B503C4E73C6}.Release|Any CPU.ActiveCfg = Release|Any CPU
		{D8A77892-4FE9-492D-97A3-4B503C4E73C6}.Release|Any CPU.Build.0 = Release|Any CPU
		{D8A77892-4FE9-492D-97A3-4B503C4E73C6}.Release|x64.ActiveCfg = Release|Any CPU
		{D8A77892-4FE9-492D-97A3-4B503C4E73C6}.Release|x64.Build.0 = Release|Any CPU
		{D8A77892-4FE9-492D-97A3-4B503C4E73C6}.Release|x86.ActiveCfg = Release|Any CPU
		{D8A77892-4FE9-492D-97A3-4B503C4E73C6}.Release|x86.Build.0 = Release|Any CPU
		{76E27719-B827-4444-B37E-C05501684961}.Debug|Any CPU.ActiveCfg = Debug|Any CPU
		{76E27719-B827-4444-B37E-C05501684961}.Debug|Any CPU.Build.0 = Debug|Any CPU
		{76E27719-B827-4444-B37E-C05501684961}.Debug|x64.ActiveCfg = Debug|Any CPU
		{76E27719-B827-4444-B37E-C05501684961}.Debug|x64.Build.0 = Debug|Any CPU
		{76E27719-B827-4444-B37E-C05501684961}.Debug|x86.ActiveCfg = Debug|Any CPU
		{76E27719-B827-4444-B37E-C05501684961}.Debug|x86.Build.0 = Debug|Any CPU
		{76E27719-B827-4444-B37E-C05501684961}.Release|Any CPU.ActiveCfg = Release|Any CPU
		{76E27719-B827-4444-B37E-C05501684961}.Release|Any CPU.Build.0 = Release|Any CPU
		{76E27719-B827-4444-B37E-C05501684961}.Release|x64.ActiveCfg = Release|Any CPU
		{76E27719-B827-4444-B37E-C05501684961}.Release|x64.Build.0 = Release|Any CPU
		{76E27719-B827-4444-B37E-C05501684961}.Release|x86.ActiveCfg = Release|Any CPU
		{76E27719-B827-4444-B37E-C05501684961}.Release|x86.Build.0 = Release|Any CPU
		{AB10055D-AE56-43B1-A5A8-25100E94EFCF}.Debug|Any CPU.ActiveCfg = Debug|Any CPU
		{AB10055D-AE56-43B1-A5A8-25100E94EFCF}.Debug|Any CPU.Build.0 = Debug|Any CPU
		{AB10055D-AE56-43B1-A5A8-25100E94EFCF}.Debug|x64.ActiveCfg = Debug|Any CPU
		{AB10055D-AE56-43B1-A5A8-25100E94EFCF}.Debug|x64.Build.0 = Debug|Any CPU
		{AB10055D-AE56-43B1-A5A8-25100E94EFCF}.Debug|x86.ActiveCfg = Debug|Any CPU
		{AB10055D-AE56-43B1-A5A8-25100E94EFCF}.Debug|x86.Build.0 = Debug|Any CPU
		{AB10055D-AE56-43B1-A5A8-25100E94EFCF}.Release|Any CPU.ActiveCfg = Release|Any CPU
		{AB10055D-AE56-43B1-A5A8-25100E94EFCF}.Release|Any CPU.Build.0 = Release|Any CPU
		{AB10055D-AE56-43B1-A5A8-25100E94EFCF}.Release|x64.ActiveCfg = Release|Any CPU
		{AB10055D-AE56-43B1-A5A8-25100E94EFCF}.Release|x64.Build.0 = Release|Any CPU
		{AB10055D-AE56-43B1-A5A8-25100E94EFCF}.Release|x86.ActiveCfg = Release|Any CPU
		{AB10055D-AE56-43B1-A5A8-25100E94EFCF}.Release|x86.Build.0 = Release|Any CPU
	EndGlobalSection
	GlobalSection(SolutionProperties) = preSolution
		HideSolutionNode = FALSE
	EndGlobalSection
	GlobalSection(NestedProjects) = preSolution
		{35DF4E08-7945-48D3-8BB0-9F9BCBEA2CB3} = {37DF6346-81E4-46E8-B694-8EF2CB908F9E}
		{F33E0DA2-33C8-4DAB-AB83-914877AFBD4B} = {4B092736-AF93-4A91-9FC2-69055745112D}
		{5405CB9E-96EA-4945-8D8B-A960EC7A3D15} = {0707A282-0559-4329-8F21-0C3E967367F4}
		{095D3967-5A32-4118-88C4-4F1B3C3B7C46} = {F33E0DA2-33C8-4DAB-AB83-914877AFBD4B}
		{17246FC0-3280-4A00-B06E-D8E95F96D527} = {0707A282-0559-4329-8F21-0C3E967367F4}
		{BD89A61C-D77F-42B9-87DA-B09B2A082B9F} = {EF30E0A7-EC0D-49A9-B3DF-72DA4CA1B80C}
		{EF30E0A7-EC0D-49A9-B3DF-72DA4CA1B80C} = {4B092736-AF93-4A91-9FC2-69055745112D}
		{3AE076C7-7897-4897-A8C2-EAA18F5842A8} = {37DF6346-81E4-46E8-B694-8EF2CB908F9E}
		{C094CB36-4254-45CB-A34D-A88B1B66C5A1} = {4B092736-AF93-4A91-9FC2-69055745112D}
		{678F7669-00F5-4865-BD8A-503B26C78ED1} = {C094CB36-4254-45CB-A34D-A88B1B66C5A1}
		{C48E041E-DF51-40ED-8CC0-2E1EB07EF111} = {0707A282-0559-4329-8F21-0C3E967367F4}
		{CDF55092-F4E3-4365-BF8D-E2E6EC093C70} = {DB5F87AD-24A8-4094-93A8-FE89C945D24E}
		{C844BCF6-BA5A-4512-B3D0-4FA78228D3A6} = {DB5F87AD-24A8-4094-93A8-FE89C945D24E}
		{45D95136-AC3B-4871-8DC3-74C303E16DE7} = {DB5F87AD-24A8-4094-93A8-FE89C945D24E}
		{C1EAAD79-8EE3-4BF3-9CCA-7BEBC6633C90} = {DB5F87AD-24A8-4094-93A8-FE89C945D24E}
		{95B85AAA-BAEC-4693-96BC-3089EC50A08F} = {973476D6-0502-4263-9E6F-F52EFE3790DC}
		{DC836F1A-5117-4E82-83DF-8C5E29377620} = {4B092736-AF93-4A91-9FC2-69055745112D}
		{37756088-25ED-4FF1-8010-B72131426EF2} = {DC836F1A-5117-4E82-83DF-8C5E29377620}
		{0707A282-0559-4329-8F21-0C3E967367F4} = {37DF6346-81E4-46E8-B694-8EF2CB908F9E}
		{21C4B396-821D-47C6-85B8-D3C59A6280F6} = {244F745B-3D0D-468A-81E6-C7C8338BF829}
		{28E856E4-654D-4F09-BB04-932857DD8254} = {21C4B396-821D-47C6-85B8-D3C59A6280F6}
		{07C9B35F-D07B-4810-A81E-92AF21644287} = {21C4B396-821D-47C6-85B8-D3C59A6280F6}
		{04EDAFBD-0A95-4844-877D-B00AE88BA63C} = {21C4B396-821D-47C6-85B8-D3C59A6280F6}
		{A70A4AC3-99E2-4EBF-BA4A-200960ED6BBB} = {DB5F87AD-24A8-4094-93A8-FE89C945D24E}
		{90D2B30D-D670-4C47-B958-F6F793BEE3F2} = {4B092736-AF93-4A91-9FC2-69055745112D}
		{02D81A95-BBDF-4872-B497-947AA07A3986} = {90D2B30D-D670-4C47-B958-F6F793BEE3F2}
		{E7845708-AD48-4ECD-8C6F-F00BD709B4CB} = {0707A282-0559-4329-8F21-0C3E967367F4}
		{D56E9F05-7B11-47F4-8CED-9153410B681F} = {DB5F87AD-24A8-4094-93A8-FE89C945D24E}
		{6737E206-8EE0-4DC4-ACB6-8653C3DDC6C8} = {DB5F87AD-24A8-4094-93A8-FE89C945D24E}
		{A69576D2-AF8E-40B3-9271-AD833F1B9EE1} = {4B092736-AF93-4A91-9FC2-69055745112D}
		{898AC500-A8D6-414C-AAFA-0EDC0FEEA68E} = {A69576D2-AF8E-40B3-9271-AD833F1B9EE1}
		{D48EAE30-DF05-4F89-B412-21F46096737C} = {21C4B396-821D-47C6-85B8-D3C59A6280F6}
		{489733B7-55BA-E48A-F919-6929BC4DAB98} = {21C4B396-821D-47C6-85B8-D3C59A6280F6}
		{37C383C5-937E-4719-8481-AB1FD220795E} = {0707A282-0559-4329-8F21-0C3E967367F4}
		{CDA55DC0-8EBF-9F8E-AD38-19282E327949} = {21C4B396-821D-47C6-85B8-D3C59A6280F6}
		{71D01A16-9247-41F3-8EB3-042A3F165987} = {21C4B396-821D-47C6-85B8-D3C59A6280F6}
		{7EDFFBB9-5ED2-4D8E-975F-9E3FF1335DAC} = {DB5F87AD-24A8-4094-93A8-FE89C945D24E}
		{81F63346-4892-45D3-805F-7897D13879F4} = {DB5F87AD-24A8-4094-93A8-FE89C945D24E}
		{02EA681E-C7D8-13C7-8484-4AC65E1B71E8} = {244F745B-3D0D-468A-81E6-C7C8338BF829}
		{BAF8DB96-08A1-4F2E-9059-F144A281BA5C} = {02EA681E-C7D8-13C7-8484-4AC65E1B71E8}
		{73B40ACB-FDB9-4DE6-A1DC-01F279EF7844} = {244F745B-3D0D-468A-81E6-C7C8338BF829}
		{D0561B36-9625-4A65-AF90-F9D0D9A4D8F1} = {73B40ACB-FDB9-4DE6-A1DC-01F279EF7844}
		{348F8457-FF18-4E4F-B0B4-FF95FAEE6FEE} = {244F745B-3D0D-468A-81E6-C7C8338BF829}
		{A7194A16-46A8-4250-90FE-4F0E37E8A0D1} = {348F8457-FF18-4E4F-B0B4-FF95FAEE6FEE}
		{DF86D2E8-2CD1-46F1-913E-551900362AF9} = {244F745B-3D0D-468A-81E6-C7C8338BF829}
		{31C656CF-8377-4ED8-B274-ADF91A33D7EB} = {DF86D2E8-2CD1-46F1-913E-551900362AF9}
		{F2899A23-802E-41A0-8EAF-60D61FD67E6B} = {DB5F87AD-24A8-4094-93A8-FE89C945D24E}
		{D8A77892-4FE9-492D-97A3-4B503C4E73C6} = {8EDEF569-AC65-9F9C-EC57-8AE3E8322AE4}
		{76E27719-B827-4444-B37E-C05501684961} = {8EDEF569-AC65-9F9C-EC57-8AE3E8322AE4}
		{AB10055D-AE56-43B1-A5A8-25100E94EFCF} = {8EDEF569-AC65-9F9C-EC57-8AE3E8322AE4}
	EndGlobalSection
	GlobalSection(ExtensibilityGlobals) = postSolution
		SolutionGuid = {960240D7-4D20-440C-B0E2-463C3097AFE0}
	EndGlobalSection
EndGlobal
